
Microsoft Visual Studio Solution File, Format Version 12.00
# Visual Studio Version 17
VisualStudioVersion = 17.3.32922.545
MinimumVisualStudioVersion = 10.0.40219.1
Project("{FAE04EC0-301F-11D3-BF4B-00C04F79EFBC}") = "MeetingScheduler.Api", "MeetingScheduler.Api\MeetingScheduler.Api.csproj", "{E374DF46-311F-4154-8A8B-49A45ED9B4F8}"
EndProject
Project("{FAE04EC0-301F-11D3-BF4B-00C04F79EFBC}") = "MeetingScheduler.Application", "MeetingScheduler.Application\MeetingScheduler.Application.csproj", "{84EA7115-BDCC-47CF-ADFF-F0808330F71C}"
EndProject
Project("{FAE04EC0-301F-11D3-BF4B-00C04F79EFBC}") = "MeetingScheduler.Domain", "MeetingScheduler.Domain\MeetingScheduler.Domain.csproj", "{B5B6A2DC-7B69-4C52-8FBE-B6A23A20124D}"
EndProject
Project("{FAE04EC0-301F-11D3-BF4B-00C04F79EFBC}") = "MeetingScheduler.Infrastructure", "MeetingScheduler.Infrastructure\MeetingScheduler.Infrastructure.csproj", "{6EE45EC1-31E8-4977-8D61-2963E2963073}"
EndProject
Global
	GlobalSection(SolutionConfigurationPlatforms) = preSolution
		Debug|Any CPU = Debug|Any CPU
		Release|Any CPU = Release|Any CPU
	EndGlobalSection
	GlobalSection(ProjectConfigurationPlatforms) = postSolution
		{E374DF46-311F-4154-8A8B-49A45ED9B4F8}.Debug|Any CPU.ActiveCfg = Debug|Any CPU
		{E374DF46-311F-4154-8A8B-49A45ED9B4F8}.Debug|Any CPU.Build.0 = Debug|Any CPU
		{E374DF46-311F-4154-8A8B-49A45ED9B4F8}.Release|Any CPU.ActiveCfg = Release|Any CPU
		{E374DF46-311F-4154-8A8B-49A45ED9B4F8}.Release|Any CPU.Build.0 = Release|Any CPU
		{84EA7115-BDCC-47CF-ADFF-F0808330F71C}.Debug|Any CPU.ActiveCfg = Debug|Any CPU
		{84EA7115-BDCC-47CF-ADFF-F0808330F71C}.Debug|Any CPU.Build.0 = Debug|Any CPU
		{84EA7115-BDCC-47CF-ADFF-F0808330F71C}.Release|Any CPU.ActiveCfg = Release|Any CPU
		{84EA7115-BDCC-47CF-ADFF-F0808330F71C}.Release|Any CPU.Build.0 = Release|Any CPU
		{B5B6A2DC-7B69-4C52-8FBE-B6A23A20124D}.Debug|Any CPU.ActiveCfg = Debug|Any CPU
		{B5B6A2DC-7B69-4C52-8FBE-B6A23A20124D}.Debug|Any CPU.Build.0 = Debug|Any CPU
		{B5B6A2DC-7B69-4C52-8FBE-B6A23A20124D}.Release|Any CPU.ActiveCfg = Release|Any CPU
		{B5B6A2DC-7B69-4C52-8FBE-B6A23A20124D}.Release|Any CPU.Build.0 = Release|Any CPU
		{6EE45EC1-31E8-4977-8D61-2963E2963073}.Debug|Any CPU.ActiveCfg = Debug|Any CPU
		{6EE45EC1-31E8-4977-8D61-2963E2963073}.Debug|Any CPU.Build.0 = Debug|Any CPU
		{6EE45EC1-31E8-4977-8D61-2963E2963073}.Release|Any CPU.ActiveCfg = Release|Any CPU
		{6EE45EC1-31E8-4977-8D61-2963E2963073}.Release|Any CPU.Build.0 = Release|Any CPU
	EndGlobalSection
	GlobalSection(SolutionProperties) = preSolution
		HideSolutionNode = FALSE
	EndGlobalSection
	GlobalSection(ExtensibilityGlobals) = postSolution
		SolutionGuid = {4CA323B8-D6B4-4BB3-A816-C773DB5EDF8D}
	EndGlobalSection
EndGlobal
